Microsoft Visual Studio Solution File, Format Version 12.00
# Visual Studio Version 17
VisualStudioVersion = 17.13.35919.96
MinimumVisualStudioVersion = 10.0.40219.1
Project("{FAE04EC0-301F-11D3-BF4B-00C04F79EFBC}") = "RenewXControl", "RenewXControl\RenewXControl.csproj", "{31280121-243E-4EE0-A4EF-21A500DFDAAB}"
EndProject
Global
	GlobalSection(SolutionConfigurationPlatforms) = preSolution
		Debug|Any CPU = Debug|Any CPU
		Release|Any CPU = Release|Any CPU
	EndGlobalSection
	GlobalSection(ProjectConfigurationPlatforms) = postSolution
		{31280121-243E-4EE0-A4EF-21A500DFDAAB}.Debug|Any CPU.ActiveCfg = Debug|Any CPU
		{31280121-243E-4EE0-A4EF-21A500DFDAAB}.Debug|Any CPU.Build.0 = Debug|Any CPU
		{31280121-243E-4EE0-A4EF-21A500DFDAAB}.Release|Any CPU.ActiveCfg = Release|Any CPU
		{31280121-243E-4EE0-A4EF-21A500DFDAAB}.Release|Any CPU.Build.0 = Release|Any CPU
	EndGlobalSection
	GlobalSection(SolutionProperties) = preSolution
		HideSolutionNode = FALSE
	EndGlobalSection
	GlobalSection(ExtensibilityGlobals) = postSolution
		SolutionGuid = {F3419508-11A4-442D-9C1F-FC17D6DCDD66}
	EndGlobalSection
EndGlobal
